
Microsoft Visual Studio Solution File, Format Version 12.00
# Visual Studio Version 17
VisualStudioVersion = 17.10.35027.167
MinimumVisualStudioVersion = 10.0.40219.1
Project("{FAE04EC0-301F-11D3-BF4B-00C04F79EFBC}") = "SnakeWpf", "SnakeWpf\SnakeWpf.csproj", "{52954CC6-45A0-4FA5-A200-76E24612275C}"
EndProject
Global
	GlobalSection(SolutionConfigurationPlatforms) = preSolution
		Debug|Any CPU = Debug|Any CPU
		Release|Any CPU = Release|Any CPU
	EndGlobalSection
	GlobalSection(ProjectConfigurationPlatforms) = postSolution
		{52954CC6-45A0-4FA5-A200-76E24612275C}.Debug|Any CPU.ActiveCfg = Debug|Any CPU
		{52954CC6-45A0-4FA5-A200-76E24612275C}.Debug|Any CPU.Build.0 = Debug|Any CPU
		{52954CC6-45A0-4FA5-A200-76E24612275C}.Release|Any CPU.ActiveCfg = Release|Any CPU
		{52954CC6-45A0-4FA5-A200-76E24612275C}.Release|Any CPU.Build.0 = Release|Any CPU
	EndGlobalSection
	GlobalSection(SolutionProperties) = preSolution
		HideSolutionNode = FALSE
	EndGlobalSection
	GlobalSection(ExtensibilityGlobals) = postSolution
		SolutionGuid = {AD41A905-94EB-4704-9E5D-829664385494}
	EndGlobalSection
EndGlobal
